{
  "requires": true,
  "lockfileVersion": 1,
  "dependencies": {
    "fs": {
      "version": "0.0.1-security",
      "resolved": "https://registry.npmjs.org/fs/-/fs-0.0.1-security.tgz",
      "integrity": "sha1-invTcYa23d84E/I4WLV+yq9eQdQ="
    },
    "sbv": {
      "version": "1.0.1",
      "resolved": "https://registry.npmjs.org/sbv/-/sbv-1.0.1.tgz",
      "integrity": "sha512-1SaQvarb5f+M7R321tLNzcCst5vzel1UkUJIC16oePZ4OoKi5KZv7zzPsatOHlVWIb97h5zqr+11N/mSbpwxMA==",
      "requires": {
        "fs": "0.0.1-security"
      }
    }
  }
}
